
Microsoft Visual Studio Solution File, Format Version 12.00
# Visual Studio 14
VisualStudioVersion = 14.0.25420.1
MinimumVisualStudioVersion = 10.0.40219.1
Project("{FAE04EC0-301F-11D3-BF4B-00C04F79EFBC}") = "DataLoader", "DataLoader\DataLoader.csproj", "{C01F1152-B94E-4ACA-99D3-55EDCBB654BA}"
EndProject
Project("{FAE04EC0-301F-11D3-BF4B-00C04F79EFBC}") = "MicrosDataLoader", "MicrosDataLoader\MicrosDataLoader.csproj", "{F788BC0E-E4A4-4DAE-9A9A-25C6F65D3D29}"
EndProject
Project("{FAE04EC0-301F-11D3-BF4B-00C04F79EFBC}") = "ExcelLoaders", "ExcelLoaders\ExcelLoaders.csproj", "{62BB966C-249B-4223-BACE-56A8270E5218}"
EndProject
Project("{FAE04EC0-301F-11D3-BF4B-00C04F79EFBC}") = "DataObjects", "DataObjects\DataObjects.csproj", "{A31E284A-5F64-41DC-95B9-149B5E6D15FE}"
EndProject
Project("{FAE04EC0-301F-11D3-BF4B-00C04F79EFBC}") = "TicketFinder", "..\TicketFinder\TicketFinder.csproj", "{F1EED6C6-10C0-4BD9-B123-4A035AB88794}"
	ProjectSection(ProjectDependencies) = postProject
		{BABDD67C-7563-4FD9-A63B-A3006419D73B} = {BABDD67C-7563-4FD9-A63B-A3006419D73B}
	EndProjectSection
EndProject
Project("{FAE04EC0-301F-11D3-BF4B-00C04F79EFBC}") = "UtilityFramework", "..\UtilityFramework\UtilityFramework.csproj", "{DA8E26DF-6D91-4100-82AD-4E73E6BA8599}"
EndProject
Project("{FAE04EC0-301F-11D3-BF4B-00C04F79EFBC}") = "DataLoad", "DataLoad\DataLoad.csproj", "{5B5D5242-BA54-4AE8-AA9C-E1AAD5AE04AB}"
EndProject
Project("{FAE04EC0-301F-11D3-BF4B-00C04F79EFBC}") = "TicketFinderService", "..\TicketFinderService\TicketFinderService.csproj", "{BABDD67C-7563-4FD9-A63B-A3006419D73B}"
EndProject
Project("{FAE04EC0-301F-11D3-BF4B-00C04F79EFBC}") = "FileUpload", "..\FileUpload\FileUpload.csproj", "{1F3165BE-2261-4E53-B1BC-3CA1E7DC8B18}"
	ProjectSection(ProjectDependencies) = postProject
		{BABDD67C-7563-4FD9-A63B-A3006419D73B} = {BABDD67C-7563-4FD9-A63B-A3006419D73B}
		{0DCD0598-88C2-4F17-833C-FDB3F19280B2} = {0DCD0598-88C2-4F17-833C-FDB3F19280B2}
	EndProjectSection
EndProject
Project("{FAE04EC0-301F-11D3-BF4B-00C04F79EFBC}") = "ReportGenerator", "..\Reporting\ReportGenerator\ReportGenerator.csproj", "{F8699705-A00C-475E-8A27-14AD72269C32}"
EndProject
Project("{FAE04EC0-301F-11D3-BF4B-00C04F79EFBC}") = "WeatherData", "WeatherData\WeatherData.csproj", "{30CD149C-CC32-408A-B7B1-10ABD2A364A7}"
EndProject
Project("{FAE04EC0-301F-11D3-BF4B-00C04F79EFBC}") = "Forecast.io", "..\..\3rd Party\trunk\forecast.io-csharp-master\forecast.io\Forecast.io.csproj", "{505F13DA-0FF3-4B14-8A30-86D8EB95F0AC}"
EndProject
Project("{FAE04EC0-301F-11D3-BF4B-00C04F79EFBC}") = "JaxisExtensions", "..\..\Jaxis\trunk\JaxisExtensions\JaxisExtensions.csproj", "{0A31F19C-1B83-46D3-BAD3-77052D4F0977}"
EndProject
Project("{FAE04EC0-301F-11D3-BF4B-00C04F79EFBC}") = "SubSonic.Core", "..\..\3rd Party\trunk\SubSonic\SubSonic.Core\SubSonic.Core.csproj", "{53FF90B2-2D33-4EC0-91B6-A30FDF1B3374}"
EndProject
Project("{FAE04EC0-301F-11D3-BF4B-00C04F79EFBC}") = "DataLoaderService", "..\DataLoaderService\DataLoaderService.csproj", "{FB51100A-943E-4F91-B336-FE3A5EC84F49}"
EndProject
Project("{2150E333-8FDC-42A3-9474-1A3956D46DE8}") = "Data Loaders", "Data Loaders", "{2D8E90F7-8796-41ED-8AA2-BC311DB09D43}"
EndProject
Project("{FAE04EC0-301F-11D3-BF4B-00C04F79EFBC}") = "DataLoaderWCF", "..\DataLoaderWCF\DataLoaderWCF.csproj", "{0DCD0598-88C2-4F17-833C-FDB3F19280B2}"
EndProject
Global
	GlobalSection(SolutionConfigurationPlatforms) = preSolution
		Debug|Any CPU = Debug|Any CPU
		Debug|x86 = Debug|x86
		Release|Any CPU = Release|Any CPU
		Release|x86 = Release|x86
	EndGlobalSection
	GlobalSection(ProjectConfigurationPlatforms) = postSolution
		{C01F1152-B94E-4ACA-99D3-55EDCBB654BA}.Debug|Any CPU.ActiveCfg = Debug|Any CPU
		{C01F1152-B94E-4ACA-99D3-55EDCBB654BA}.Debug|Any CPU.Build.0 = Debug|Any CPU
		{C01F1152-B94E-4ACA-99D3-55EDCBB654BA}.Debug|x86.ActiveCfg = Debug|Any CPU
		{C01F1152-B94E-4ACA-99D3-55EDCBB654BA}.Debug|x86.Build.0 = Debug|Any CPU
		{C01F1152-B94E-4ACA-99D3-55EDCBB654BA}.Release|Any CPU.ActiveCfg = Release|Any CPU
		{C01F1152-B94E-4ACA-99D3-55EDCBB654BA}.Release|Any CPU.Build.0 = Release|Any CPU
		{C01F1152-B94E-4ACA-99D3-55EDCBB654BA}.Release|x86.ActiveCfg = Release|Any CPU
		{C01F1152-B94E-4ACA-99D3-55EDCBB654BA}.Release|x86.Build.0 = Release|Any CPU
		{F788BC0E-E4A4-4DAE-9A9A-25C6F65D3D29}.Debug|Any CPU.ActiveCfg = Debug|Any CPU
		{F788BC0E-E4A4-4DAE-9A9A-25C6F65D3D29}.Debug|Any CPU.Build.0 = Debug|Any CPU
		{F788BC0E-E4A4-4DAE-9A9A-25C6F65D3D29}.Debug|x86.ActiveCfg = Debug|Any CPU
		{F788BC0E-E4A4-4DAE-9A9A-25C6F65D3D29}.Debug|x86.Build.0 = Debug|Any CPU
		{F788BC0E-E4A4-4DAE-9A9A-25C6F65D3D29}.Release|Any CPU.ActiveCfg = Release|Any CPU
		{F788BC0E-E4A4-4DAE-9A9A-25C6F65D3D29}.Release|Any CPU.Build.0 = Release|Any CPU
		{F788BC0E-E4A4-4DAE-9A9A-25C6F65D3D29}.Release|x86.ActiveCfg = Release|Any CPU
		{F788BC0E-E4A4-4DAE-9A9A-25C6F65D3D29}.Release|x86.Build.0 = Release|Any CPU
		{62BB966C-249B-4223-BACE-56A8270E5218}.Debug|Any CPU.ActiveCfg = Debug|Any CPU
		{62BB966C-249B-4223-BACE-56A8270E5218}.Debug|Any CPU.Build.0 = Debug|Any CPU
		{62BB966C-249B-4223-BACE-56A8270E5218}.Debug|x86.ActiveCfg = Debug|Any CPU
		{62BB966C-249B-4223-BACE-56A8270E5218}.Debug|x86.Build.0 = Debug|Any CPU
		{62BB966C-249B-4223-BACE-56A8270E5218}.Release|Any CPU.ActiveCfg = Release|Any CPU
		{62BB966C-249B-4223-BACE-56A8270E5218}.Release|Any CPU.Build.0 = Release|Any CPU
		{62BB966C-249B-4223-BACE-56A8270E5218}.Release|x86.ActiveCfg = Release|Any CPU
		{62BB966C-249B-4223-BACE-56A8270E5218}.Release|x86.Build.0 = Release|Any CPU
		{A31E284A-5F64-41DC-95B9-149B5E6D15FE}.Debug|Any CPU.ActiveCfg = Debug|Any CPU
		{A31E284A-5F64-41DC-95B9-149B5E6D15FE}.Debug|Any CPU.Build.0 = Debug|Any CPU
		{A31E284A-5F64-41DC-95B9-149B5E6D15FE}.Debug|x86.ActiveCfg = Debug|Any CPU
		{A31E284A-5F64-41DC-95B9-149B5E6D15FE}.Debug|x86.Build.0 = Debug|Any CPU
		{A31E284A-5F64-41DC-95B9-149B5E6D15FE}.Release|Any CPU.ActiveCfg = Release|Any CPU
		{A31E284A-5F64-41DC-95B9-149B5E6D15FE}.Release|Any CPU.Build.0 = Release|Any CPU
		{A31E284A-5F64-41DC-95B9-149B5E6D15FE}.Release|x86.ActiveCfg = Release|Any CPU
		{A31E284A-5F64-41DC-95B9-149B5E6D15FE}.Release|x86.Build.0 = Release|Any CPU
		{F1EED6C6-10C0-4BD9-B123-4A035AB88794}.Debug|Any CPU.ActiveCfg = Debug|Any CPU
		{F1EED6C6-10C0-4BD9-B123-4A035AB88794}.Debug|Any CPU.Build.0 = Debug|Any CPU
		{F1EED6C6-10C0-4BD9-B123-4A035AB88794}.Debug|x86.ActiveCfg = Debug|Any CPU
		{F1EED6C6-10C0-4BD9-B123-4A035AB88794}.Debug|x86.Build.0 = Debug|Any CPU
		{F1EED6C6-10C0-4BD9-B123-4A035AB88794}.Release|Any CPU.ActiveCfg = Release|Any CPU
		{F1EED6C6-10C0-4BD9-B123-4A035AB88794}.Release|Any CPU.Build.0 = Release|Any CPU
		{F1EED6C6-10C0-4BD9-B123-4A035AB88794}.Release|x86.ActiveCfg = Release|Any CPU
		{F1EED6C6-10C0-4BD9-B123-4A035AB88794}.Release|x86.Build.0 = Release|Any CPU
		{DA8E26DF-6D91-4100-82AD-4E73E6BA8599}.Debug|Any CPU.ActiveCfg = Debug|Any CPU
		{DA8E26DF-6D91-4100-82AD-4E73E6BA8599}.Debug|Any CPU.Build.0 = Debug|Any CPU
		{DA8E26DF-6D91-4100-82AD-4E73E6BA8599}.Debug|x86.ActiveCfg = Debug|Any CPU
		{DA8E26DF-6D91-4100-82AD-4E73E6BA8599}.Debug|x86.Build.0 = Debug|Any CPU
		{DA8E26DF-6D91-4100-82AD-4E73E6BA8599}.Release|Any CPU.ActiveCfg = Release|Any CPU
		{DA8E26DF-6D91-4100-82AD-4E73E6BA8599}.Release|Any CPU.Build.0 = Release|Any CPU
		{DA8E26DF-6D91-4100-82AD-4E73E6BA8599}.Release|x86.ActiveCfg = Release|Any CPU
		{DA8E26DF-6D91-4100-82AD-4E73E6BA8599}.Release|x86.Build.0 = Release|Any CPU
		{5B5D5242-BA54-4AE8-AA9C-E1AAD5AE04AB}.Debug|Any CPU.ActiveCfg = Debug|Any CPU
		{5B5D5242-BA54-4AE8-AA9C-E1AAD5AE04AB}.Debug|Any CPU.Build.0 = Debug|Any CPU
		{5B5D5242-BA54-4AE8-AA9C-E1AAD5AE04AB}.Debug|x86.ActiveCfg = Debug|Any CPU
		{5B5D5242-BA54-4AE8-AA9C-E1AAD5AE04AB}.Debug|x86.Build.0 = Debug|Any CPU
		{5B5D5242-BA54-4AE8-AA9C-E1AAD5AE04AB}.Release|Any CPU.ActiveCfg = Release|Any CPU
		{5B5D5242-BA54-4AE8-AA9C-E1AAD5AE04AB}.Release|Any CPU.Build.0 = Release|Any CPU
		{5B5D5242-BA54-4AE8-AA9C-E1AAD5AE04AB}.Release|x86.ActiveCfg = Release|Any CPU
		{5B5D5242-BA54-4AE8-AA9C-E1AAD5AE04AB}.Release|x86.Build.0 = Release|Any CPU
		{BABDD67C-7563-4FD9-A63B-A3006419D73B}.Debug|Any CPU.ActiveCfg = Debug|Any CPU
		{BABDD67C-7563-4FD9-A63B-A3006419D73B}.Debug|Any CPU.Build.0 = Debug|Any CPU
		{BABDD67C-7563-4FD9-A63B-A3006419D73B}.Debug|x86.ActiveCfg = Debug|Any CPU
		{BABDD67C-7563-4FD9-A63B-A3006419D73B}.Debug|x86.Build.0 = Debug|Any CPU
		{BABDD67C-7563-4FD9-A63B-A3006419D73B}.Release|Any CPU.ActiveCfg = Release|Any CPU
		{BABDD67C-7563-4FD9-A63B-A3006419D73B}.Release|Any CPU.Build.0 = Release|Any CPU
		{BABDD67C-7563-4FD9-A63B-A3006419D73B}.Release|x86.ActiveCfg = Release|Any CPU
		{BABDD67C-7563-4FD9-A63B-A3006419D73B}.Release|x86.Build.0 = Release|Any CPU
		{1F3165BE-2261-4E53-B1BC-3CA1E7DC8B18}.Debug|Any CPU.ActiveCfg = Debug|Any CPU
		{1F3165BE-2261-4E53-B1BC-3CA1E7DC8B18}.Debug|Any CPU.Build.0 = Debug|Any CPU
		{1F3165BE-2261-4E53-B1BC-3CA1E7DC8B18}.Debug|x86.ActiveCfg = Debug|Any CPU
		{1F3165BE-2261-4E53-B1BC-3CA1E7DC8B18}.Debug|x86.Build.0 = Debug|Any CPU
		{1F3165BE-2261-4E53-B1BC-3CA1E7DC8B18}.Release|Any CPU.ActiveCfg = Release|Any CPU
		{1F3165BE-2261-4E53-B1BC-3CA1E7DC8B18}.Release|Any CPU.Build.0 = Release|Any CPU
		{1F3165BE-2261-4E53-B1BC-3CA1E7DC8B18}.Release|x86.ActiveCfg = Release|Any CPU
		{1F3165BE-2261-4E53-B1BC-3CA1E7DC8B18}.Release|x86.Build.0 = Release|Any CPU
		{F8699705-A00C-475E-8A27-14AD72269C32}.Debug|Any CPU.ActiveCfg = Debug|Any CPU
		{F8699705-A00C-475E-8A27-14AD72269C32}.Debug|Any CPU.Build.0 = Debug|Any CPU
		{F8699705-A00C-475E-8A27-14AD72269C32}.Debug|x86.ActiveCfg = Debug|Any CPU
		{F8699705-A00C-475E-8A27-14AD72269C32}.Debug|x86.Build.0 = Debug|Any CPU
		{F8699705-A00C-475E-8A27-14AD72269C32}.Release|Any CPU.ActiveCfg = Release|Any CPU
		{F8699705-A00C-475E-8A27-14AD72269C32}.Release|Any CPU.Build.0 = Release|Any CPU
		{F8699705-A00C-475E-8A27-14AD72269C32}.Release|x86.ActiveCfg = Release|Any CPU
		{F8699705-A00C-475E-8A27-14AD72269C32}.Release|x86.Build.0 = Release|Any CPU
		{30CD149C-CC32-408A-B7B1-10ABD2A364A7}.Debug|Any CPU.ActiveCfg = Debug|Any CPU
		{30CD149C-CC32-408A-B7B1-10ABD2A364A7}.Debug|Any CPU.Build.0 = Debug|Any CPU
		{30CD149C-CC32-408A-B7B1-10ABD2A364A7}.Debug|x86.ActiveCfg = Debug|Any CPU
		{30CD149C-CC32-408A-B7B1-10ABD2A364A7}.Debug|x86.Build.0 = Debug|Any CPU
		{30CD149C-CC32-408A-B7B1-10ABD2A364A7}.Release|Any CPU.ActiveCfg = Release|Any CPU
		{30CD149C-CC32-408A-B7B1-10ABD2A364A7}.Release|Any CPU.Build.0 = Release|Any CPU
		{30CD149C-CC32-408A-B7B1-10ABD2A364A7}.Release|x86.ActiveCfg = Release|Any CPU
		{30CD149C-CC32-408A-B7B1-10ABD2A364A7}.Release|x86.Build.0 = Release|Any CPU
		{505F13DA-0FF3-4B14-8A30-86D8EB95F0AC}.Debug|Any CPU.ActiveCfg = Debug|Any CPU
		{505F13DA-0FF3-4B14-8A30-86D8EB95F0AC}.Debug|Any CPU.Build.0 = Debug|Any CPU
		{505F13DA-0FF3-4B14-8A30-86D8EB95F0AC}.Debug|x86.ActiveCfg = Debug|Any CPU
		{505F13DA-0FF3-4B14-8A30-86D8EB95F0AC}.Debug|x86.Build.0 = Debug|Any CPU
		{505F13DA-0FF3-4B14-8A30-86D8EB95F0AC}.Release|Any CPU.ActiveCfg = Release|Any CPU
		{505F13DA-0FF3-4B14-8A30-86D8EB95F0AC}.Release|Any CPU.Build.0 = Release|Any CPU
		{505F13DA-0FF3-4B14-8A30-86D8EB95F0AC}.Release|x86.ActiveCfg = Release|Any CPU
		{505F13DA-0FF3-4B14-8A30-86D8EB95F0AC}.Release|x86.Build.0 = Release|Any CPU
		{0A31F19C-1B83-46D3-BAD3-77052D4F0977}.Debug|Any CPU.ActiveCfg = Debug|Any CPU
		{0A31F19C-1B83-46D3-BAD3-77052D4F0977}.Debug|Any CPU.Build.0 = Debug|Any CPU
		{0A31F19C-1B83-46D3-BAD3-77052D4F0977}.Debug|x86.ActiveCfg = Debug|Any CPU
		{0A31F19C-1B83-46D3-BAD3-77052D4F0977}.Debug|x86.Build.0 = Debug|Any CPU
		{0A31F19C-1B83-46D3-BAD3-77052D4F0977}.Release|Any CPU.ActiveCfg = Release|Any CPU
		{0A31F19C-1B83-46D3-BAD3-77052D4F0977}.Release|Any CPU.Build.0 = Release|Any CPU
		{0A31F19C-1B83-46D3-BAD3-77052D4F0977}.Release|x86.ActiveCfg = Release|Any CPU
		{0A31F19C-1B83-46D3-BAD3-77052D4F0977}.Release|x86.Build.0 = Release|Any CPU
		{53FF90B2-2D33-4EC0-91B6-A30FDF1B3374}.Debug|Any CPU.ActiveCfg = Debug|Any CPU
		{53FF90B2-2D33-4EC0-91B6-A30FDF1B3374}.Debug|Any CPU.Build.0 = Debug|Any CPU
		{53FF90B2-2D33-4EC0-91B6-A30FDF1B3374}.Debug|x86.ActiveCfg = Debug|Any CPU
		{53FF90B2-2D33-4EC0-91B6-A30FDF1B3374}.Debug|x86.Build.0 = Debug|Any CPU
		{53FF90B2-2D33-4EC0-91B6-A30FDF1B3374}.Release|Any CPU.ActiveCfg = Release|Any CPU
		{53FF90B2-2D33-4EC0-91B6-A30FDF1B3374}.Release|Any CPU.Build.0 = Release|Any CPU
		{53FF90B2-2D33-4EC0-91B6-A30FDF1B3374}.Release|x86.ActiveCfg = Release|Any CPU
		{53FF90B2-2D33-4EC0-91B6-A30FDF1B3374}.Release|x86.Build.0 = Release|Any CPU
		{FB51100A-943E-4F91-B336-FE3A5EC84F49}.Debug|Any CPU.ActiveCfg = Debug|Any CPU
		{FB51100A-943E-4F91-B336-FE3A5EC84F49}.Debug|Any CPU.Build.0 = Debug|Any CPU
		{FB51100A-943E-4F91-B336-FE3A5EC84F49}.Debug|x86.ActiveCfg = Debug|Any CPU
		{FB51100A-943E-4F91-B336-FE3A5EC84F49}.Debug|x86.Build.0 = Debug|Any CPU
		{FB51100A-943E-4F91-B336-FE3A5EC84F49}.Release|Any CPU.ActiveCfg = Release|Any CPU
		{FB51100A-943E-4F91-B336-FE3A5EC84F49}.Release|Any CPU.Build.0 = Release|Any CPU
		{FB51100A-943E-4F91-B336-FE3A5EC84F49}.Release|x86.ActiveCfg = Release|Any CPU
		{FB51100A-943E-4F91-B336-FE3A5EC84F49}.Release|x86.Build.0 = Release|Any CPU
		{0DCD0598-88C2-4F17-833C-FDB3F19280B2}.Debug|Any CPU.ActiveCfg = Debug|Any CPU
		{0DCD0598-88C2-4F17-833C-FDB3F19280B2}.Debug|Any CPU.Build.0 = Debug|Any CPU
		{0DCD0598-88C2-4F17-833C-FDB3F19280B2}.Debug|x86.ActiveCfg = Debug|Any CPU
		{0DCD0598-88C2-4F17-833C-FDB3F19280B2}.Debug|x86.Build.0 = Debug|Any CPU
		{0DCD0598-88C2-4F17-833C-FDB3F19280B2}.Release|Any CPU.ActiveCfg = Release|Any CPU
		{0DCD0598-88C2-4F17-833C-FDB3F19280B2}.Release|Any CPU.Build.0 = Release|Any CPU
		{0DCD0598-88C2-4F17-833C-FDB3F19280B2}.Release|x86.ActiveCfg = Release|Any CPU
		{0DCD0598-88C2-4F17-833C-FDB3F19280B2}.Release|x86.Build.0 = Release|Any CPU
	EndGlobalSection
	GlobalSection(SolutionProperties) = preSolution
		HideSolutionNode = FALSE
	EndGlobalSection
	GlobalSection(NestedProjects) = preSolution
		{C01F1152-B94E-4ACA-99D3-55EDCBB654BA} = {2D8E90F7-8796-41ED-8AA2-BC311DB09D43}
		{5B5D5242-BA54-4AE8-AA9C-E1AAD5AE04AB} = {2D8E90F7-8796-41ED-8AA2-BC311DB09D43}
		{FB51100A-943E-4F91-B336-FE3A5EC84F49} = {2D8E90F7-8796-41ED-8AA2-BC311DB09D43}
	EndGlobalSection
EndGlobal
